
Microsoft Visual Studio Solution File, Format Version 12.00
# Visual Studio Version 17
VisualStudioVersion = 17.4.33122.133
MinimumVisualStudioVersion = 10.0.40219.1
Project("{FAE04EC0-301F-11D3-BF4B-00C04F79EFBC}") = "Module_3_4", "Module_3_4.csproj", "{845926CA-011A-4E06-A6B6-051F93379DE3}"
EndProject
Global
	GlobalSection(SolutionConfigurationPlatforms) = preSolution
		Debug|Any CPU = Debug|Any CPU
		Release|Any CPU = Release|Any CPU
	EndGlobalSection
	GlobalSection(ProjectConfigurationPlatforms) = postSolution
		{845926CA-011A-4E06-A6B6-051F93379DE3}.Debug|Any CPU.ActiveCfg = Debug|Any CPU
		{845926CA-011A-4E06-A6B6-051F93379DE3}.Debug|Any CPU.Build.0 = Debug|Any CPU
		{845926CA-011A-4E06-A6B6-051F93379DE3}.Release|Any CPU.ActiveCfg = Release|Any CPU
		{845926CA-011A-4E06-A6B6-051F93379DE3}.Release|Any CPU.Build.0 = Release|Any CPU
	EndGlobalSection
	GlobalSection(SolutionProperties) = preSolution
		HideSolutionNode = FALSE
	EndGlobalSection
	GlobalSection(ExtensibilityGlobals) = postSolution
		SolutionGuid = {63889519-8F15-4369-9FBF-85308F1AFAE5}
	EndGlobalSection
EndGlobal
